
Microsoft Visual Studio Solution File, Format Version 12.00
# Visual Studio Version 17
VisualStudioVersion = 17.0.31903.59
MinimumVisualStudioVersion = 10.0.40219.1
Project("{2150E333-8FDC-42A3-9474-1A3956D46DE8}") = "src", "src", "{7F6C5BA2-0541-4082-A89B-3C30948703AD}"
EndProject
Project("{FAE04EC0-301F-11D3-BF4B-00C04F79EFBC}") = "VideoInstaller.Desktop.Tests", "src\VideoInstaller.Desktop.Tests\VideoInstaller.Desktop.Tests.csproj", "{F32D6A3B-8B3A-44AD-982B-AF81A5537C60}"
EndProject
Project("{FAE04EC0-301F-11D3-BF4B-00C04F79EFBC}") = "VideoInstaller.Desktop", "src\VideoInstaller.Desktop\VideoInstaller.Desktop.csproj", "{5044E851-8872-4631-A2DF-BBEF11AA557B}"
EndProject
Global
	GlobalSection(SolutionConfigurationPlatforms) = preSolution
		Debug|Any CPU = Debug|Any CPU
		Release|Any CPU = Release|Any CPU
	EndGlobalSection
	GlobalSection(SolutionProperties) = preSolution
		HideSolutionNode = FALSE
	EndGlobalSection
	GlobalSection(ProjectConfigurationPlatforms) = postSolution
		{F32D6A3B-8B3A-44AD-982B-AF81A5537C60}.Debug|Any CPU.ActiveCfg = Debug|Any CPU
		{F32D6A3B-8B3A-44AD-982B-AF81A5537C60}.Debug|Any CPU.Build.0 = Debug|Any CPU
		{F32D6A3B-8B3A-44AD-982B-AF81A5537C60}.Release|Any CPU.ActiveCfg = Release|Any CPU
		{F32D6A3B-8B3A-44AD-982B-AF81A5537C60}.Release|Any CPU.Build.0 = Release|Any CPU
		{5044E851-8872-4631-A2DF-BBEF11AA557B}.Debug|Any CPU.ActiveCfg = Debug|Any CPU
		{5044E851-8872-4631-A2DF-BBEF11AA557B}.Debug|Any CPU.Build.0 = Debug|Any CPU
		{5044E851-8872-4631-A2DF-BBEF11AA557B}.Release|Any CPU.ActiveCfg = Release|Any CPU
		{5044E851-8872-4631-A2DF-BBEF11AA557B}.Release|Any CPU.Build.0 = Release|Any CPU
	EndGlobalSection
	GlobalSection(NestedProjects) = preSolution
		{F32D6A3B-8B3A-44AD-982B-AF81A5537C60} = {7F6C5BA2-0541-4082-A89B-3C30948703AD}
		{5044E851-8872-4631-A2DF-BBEF11AA557B} = {7F6C5BA2-0541-4082-A89B-3C30948703AD}
	EndGlobalSection
EndGlobal
